{
  "lockfileVersion": 1,
  "configVersion": 1,
  "workspaces": {
    "": {
      "name": "@agenttool/wallet-zerone-economy",
      "dependencies": {
        "@agenttool/wallet": "file:../wallet",
        "@agenttool/wallet-zerone": "file:../wallet-zerone",
        "@agenttool/zerone-agent-economy": "file:../zerone-agent-economy",
        "@noble/curves": "2.2.0",
        "@noble/hashes": "2.2.0",
        "@scure/base": "2.2.0",
      },
      "devDependencies": {
        "@noble/ed25519": "2.3.0",
        "@types/bun": "1.3.14",
        "@types/node": "20.19.43",
        "ajv": "8.20.0",
        "ajv-formats": "3.0.1",
        "typescript": "5.9.3",
      },
    },
  },
  "packages": {
    "@agenttool/wallet": ["@agenttool/wallet@file:../wallet", { "dependencies": { "@noble/ed25519": "^2.3.0", "@noble/hashes": "^2.0.1" }, "devDependencies": { "@types/bun": "^1.2.0", "ajv": "^8.20.0", "ajv-formats": "^3.0.1", "typescript": "^5.7.0" } }],

    "@agenttool/wallet-zerone": ["@agenttool/wallet-zerone@file:../wallet-zerone", { "dependencies": { "@noble/curves": "2.2.0", "@noble/hashes": "2.2.0", "@scure/base": "2.2.0" }, "devDependencies": { "@agenttool/wallet": "0.1.3", "@noble/ed25519": "2.3.0", "@types/bun": "^1.2.0", "typescript": "^5.7.0" }, "peerDependencies": { "@agenttool/wallet": "^0.1.2" } }],

    "@agenttool/zerone-agent-economy": ["@agenttool/zerone-agent-economy@file:../zerone-agent-economy", { "dependencies": { "@agenttool/wallet": "file:../wallet", "@agenttool/wallet-zerone": "file:../wallet-zerone" }, "devDependencies": { "@types/bun": "1.3.14", "@types/node": "20.19.43", "ajv": "8.20.0", "ajv-formats": "3.0.1", "typescript": "5.9.3" } }],

    "@noble/curves": ["@noble/curves@2.2.0", "", { "dependencies": { "@noble/hashes": "2.2.0" } }, "sha512-T/BoHgFXirb0ENSPBquzX0rcjXeM6Lo892a2jlYJkqk83LqZx0l1Of7DzlKJ6jkpvMrkHSnAcgb5JegL8SeIkQ=="],

    "@noble/ed25519": ["@noble/ed25519@2.3.0", "", {}, "sha512-M7dvXL2B92/M7dw9+gzuydL8qn/jiqNHaoR3Q+cb1q1GHV7uwE17WCyFMG+Y+TZb5izcaXk5TdJRrDUxHXL78A=="],

    "@noble/hashes": ["@noble/hashes@2.2.0", "", {}, "sha512-IYqDGiTXab6FniAgnSdZwgWbomxpy9FtYvLKs7wCUs2a8RkITG+DFGO1DM9cr+E3/RgADRpFjrKVaJ1z6sjtEg=="],

    "@scure/base": ["@scure/base@2.2.0", "", {}, "sha512-b8XEupJibegiXV+tDUseI8oLQc8ei3d/4Jkb2RpbHh3MfE054ov3uIz2dhFkB3FI8iwYkEh0gGCApkrYggkPNg=="],

    "@types/bun": ["@types/bun@1.3.14", "", { "dependencies": { "bun-types": "1.3.14" } }, "sha512-h1hFqFVcvAvD9j9K7ZW7vd82aSA+rTdznZa+5bwvCwqSB1jmmfLcbIWhOLx1/+boy/xmjgCs/OMUL8hRJSmnPw=="],

    "@types/node": ["@types/node@20.19.43", "", { "dependencies": { "undici-types": "~6.21.0" } }, "sha512-6oYBAi5ikg4Pl+kGsoYtawUMBT2zZMCvPNF7pVLnHZfd1zf38DRiWn/gT01RYCdUqkv7Fhr+C9ot4/tb+2sVvA=="],

    "ajv": ["ajv@8.20.0", "", { "dependencies": { "fast-deep-equal": "^3.1.3", "fast-uri": "^3.0.1", "json-schema-traverse": "^1.0.0", "require-from-string": "^2.0.2" } }, "sha512-Thbli+OlOj+iMPYFBVBfJ3OmCAnaSyNn4M1vz9T6Gka5Jt9ba/HIR56joy65tY6kx/FCF5VXNB819Y7/GUrBGA=="],

    "ajv-formats": ["ajv-formats@3.0.1", "", { "dependencies": { "ajv": "^8.0.0" } }, "sha512-8iUql50EUR+uUcdRQ3HDqa6EVyo3docL8g5WJ3FNcWmu62IbkGUue/pEyLBW8VGKKucTPgqeks4fIU1DA4yowQ=="],

    "bun-types": ["bun-types@1.3.14", "", { "dependencies": { "@types/node": "*" } }, "sha512-4N0ig0fEomHt5R0KCFWjovxow98rIoRwKolrYdCcknNwMekCXRnWEUvgu5soYV8QXtVsrUD8B95MBOZGPvr6KQ=="],

    "fast-deep-equal": ["fast-deep-equal@3.1.3", "", {}, "sha512-f3qQ9oQy9j2AhBe/H9VC91wLmKBCCU/gDOnKNAYG5hswO7BLKj09Hc5HYNz9cGI++xlpDCIgDaitVs03ATR84Q=="],

    "fast-uri": ["fast-uri@3.1.5", "", {}, "sha512-gHwA1O9LDIcKunMKhObS/HimwtehO1nPUECKAu5TpKgaO19fcWEl4bliWe1jWxVFvIXztJjjQ4L8XQ1EU9f7Jw=="],

    "json-schema-traverse": ["json-schema-traverse@1.0.0", "", {}, "sha512-NM8/P9n3XjXhIZn1lLhkFaACTOURQXjWhV4BA/RnOv8xvgqtqpAX9IO4mRQxSx1Rlo4tqzeqb0sOlruaOy3dug=="],

    "require-from-string": ["require-from-string@2.0.2", "", {}, "sha512-Xf0nWe6RseziFMu+Ap9biiUbmplq6S9/p+7w7YXP/JBHhrUDDUhwa+vANyubuqfZWTveU//DYVGsDG7RKL/vEw=="],

    "typescript": ["typescript@5.9.3", "", { "bin": { "tsc": "bin/tsc", "tsserver": "bin/tsserver" } }, "sha512-jl1vZzPDinLr9eUt3J/t7V6FgNEw9QjvBPdysz9KfQDD41fQrC2Y4vKQdiaUpFT4bXlb1RHhLpp8wtm6M5TgSw=="],

    "undici-types": ["undici-types@6.21.0", "", {}, "sha512-iwDZqg0QAGrg9Rav5H4n0M64c3mkR59cJ6wQp+7C4nI0gsmExaedaYLNO44eT4AtBBwjbTiGPMlt2Md0T9H9JQ=="],

    "@agenttool/wallet-zerone/@agenttool/wallet": ["@agenttool/wallet@file:../wallet", { "dependencies": { "@noble/ed25519": "^2.3.0", "@noble/hashes": "^2.0.1" }, "devDependencies": { "@types/bun": "^1.2.0", "ajv": "^8.20.0", "ajv-formats": "^3.0.1", "typescript": "^5.7.0" } }],

    "@agenttool/zerone-agent-economy/@agenttool/wallet": ["@agenttool/wallet@file:../wallet", { "dependencies": { "@noble/ed25519": "^2.3.0", "@noble/hashes": "^2.0.1" }, "devDependencies": { "@types/bun": "^1.2.0", "ajv": "^8.20.0", "ajv-formats": "^3.0.1", "typescript": "^5.7.0" } }],

    "@agenttool/zerone-agent-economy/@agenttool/wallet-zerone": ["@agenttool/wallet-zerone@file:../wallet-zerone", { "dependencies": { "@noble/curves": "2.2.0", "@noble/hashes": "2.2.0", "@scure/base": "2.2.0" }, "devDependencies": { "@agenttool/wallet": "0.1.3", "@noble/ed25519": "2.3.0", "@types/bun": "^1.2.0", "typescript": "^5.7.0" }, "peerDependencies": { "@agenttool/wallet": "^0.1.2" } }],

    "@agenttool/zerone-agent-economy/@agenttool/wallet-zerone/@agenttool/wallet": ["@agenttool/wallet@file:../wallet", { "dependencies": { "@noble/ed25519": "^2.3.0", "@noble/hashes": "^2.0.1" }, "devDependencies": { "@types/bun": "^1.2.0", "ajv": "^8.20.0", "ajv-formats": "^3.0.1", "typescript": "^5.7.0" } }],

  }
}
