{
  "name": "@agenttool/whitehack-advisory-tooling",
  "version": "0.0.0",
  "lockfileVersion": 3,
  "requires": true,
  "packages": {
    "": {
      "name": "@agenttool/whitehack-advisory-tooling",
      "version": "0.0.0",
      "devDependencies": {
        "@agenttool/whitehack-scan": "0.8.0"
      }
    },
    "node_modules/@agenttool/whitehack-scan": {
      "version": "0.8.0",
      "resolved": "https://registry.npmjs.org/@agenttool/whitehack-scan/-/whitehack-scan-0.8.0.tgz",
      "integrity": "sha512-UuqkB4uhnaDh6ZP/LVf1/20FWBJHt0kmvqzMFC2hzZdc6hKVvAtX6hlQFm1FuTpaHd1lcLkDjSmd9ebX+pL+vA==",
      "dev": true,
      "license": "MIT",
      "bin": {
        "whitehack": "bin/whitehack.js"
      },
      "engines": {
        "node": ">=18"
      }
    }
  }
}
