{
  "name": "@agenttool/whitehack-advisory-tooling",
  "version": "0.0.0",
  "lockfileVersion": 3,
  "requires": true,
  "packages": {
    "": {
      "name": "@agenttool/whitehack-advisory-tooling",
      "version": "0.0.0",
      "devDependencies": {
        "@agenttool/whitehack-scan": "0.10.0"
      }
    },
    "node_modules/@agenttool/whitehack-scan": {
      "version": "0.10.0",
      "resolved": "https://registry.npmjs.org/@agenttool/whitehack-scan/-/whitehack-scan-0.10.0.tgz",
      "integrity": "sha512-D1Y+XzG4Iy+lQxepEoDJew8YVATE78Om1O/uQYGow1hrwDegs7YN+u4wn03l2aDk14w2t43txgadZilIUkXjTg==",
      "dev": true,
      "license": "MIT",
      "bin": {
        "whitehack": "bin/whitehack.js"
      },
      "engines": {
        "node": ">=18"
      }
    }
  }
}
