{
  "name": "@agenttool/whitehack-advisory-tooling",
  "version": "0.0.0",
  "lockfileVersion": 3,
  "requires": true,
  "packages": {
    "": {
      "name": "@agenttool/whitehack-advisory-tooling",
      "version": "0.0.0",
      "devDependencies": {
        "@agenttool/whitehack-scan": "0.8.1"
      }
    },
    "node_modules/@agenttool/whitehack-scan": {
      "version": "0.8.1",
      "resolved": "https://registry.npmjs.org/@agenttool/whitehack-scan/-/whitehack-scan-0.8.1.tgz",
      "integrity": "sha512-6FUlV1rOLZqPxLHcHE+x3f2XHCOwSsWSqEi+TDxi4pRJEe/CGoIN4Lw8mghsRvmUrtbHtFBrxLyRSk/5iMazPw==",
      "dev": true,
      "license": "MIT",
      "bin": {
        "whitehack": "bin/whitehack.js"
      },
      "engines": {
        "node": ">=18"
      }
    }
  }
}
